{
  "object": {
    "pins": [
      {
        "package": "Alamofire",
        "repositoryURL": "git@github.com:Alamofire/Alamofire.git",
        "state": {
          "branch": null,
          "revision": "747c8db8d57b68d5e35275f10c92d55f982adbd4",
          "version": "4.9.1"
        }
      },
      {
        "package": "InstructionsFramework",
        "repositoryURL": "git@github.com:wimRigil/InstructionsSwiftPackage.git",
        "state": {
          "branch": "master",
          "revision": "e795cafa7e22a0ed61522dca5f572a3b71929f12",
          "version": null
        }
      },
      {
        "package": "KeychainAccess",
        "repositoryURL": "git@github.com:kishikawakatsumi/KeychainAccess.git",
        "state": {
          "branch": "master",
          "revision": "9f8dc095df61c5b2d955d0821155b9ad558ebcb2",
          "version": null
        }
      },
      {
        "package": "MBProgressHUD",
        "repositoryURL": "git@github.com:jdg/MBProgressHUD.git",
        "state": {
          "branch": null,
          "revision": "bca42b801100b2b3a4eda0ba8dd33d858c780b0d",
          "version": "1.2.0"
        }
      },
      {
        "package": "SGAnalyticsFramework",
        "repositoryURL": "git@github.com:wimRigil/SGAnalyticsSwiftPackage.git",
        "state": {
          "branch": "master",
          "revision": "24d1e901efba1d1be216d06eff9a186a95d10ab7",
          "version": null
        }
      }
    ]
  },
  "version": 1
}
